
Microsoft Visual Studio Solution File, Format Version 12.00
Project("{FAE04EC0-301F-11D3-BF4B-00C04F79EFBC}") = "NewEffects", "NewEffects.csproj", "{C0E40DC8-331F-48E2-B130-E0BB76EFCB28}"
EndProject
Global
	GlobalSection(SolutionConfigurationPlatforms) = preSolution
		Debug|Any CPU = Debug|Any CPU
		Release|Any CPU = Release|Any CPU
	EndGlobalSection
	GlobalSection(ProjectConfigurationPlatforms) = postSolution
		{C0E40DC8-331F-48E2-B130-E0BB76EFCB28}.Debug|Any CPU.ActiveCfg = Debug|Any CPU
		{C0E40DC8-331F-48E2-B130-E0BB76EFCB28}.Debug|Any CPU.Build.0 = Debug|Any CPU
		{C0E40DC8-331F-48E2-B130-E0BB76EFCB28}.Release|Any CPU.ActiveCfg = Release|Any CPU
		{C0E40DC8-331F-48E2-B130-E0BB76EFCB28}.Release|Any CPU.Build.0 = Release|Any CPU
	EndGlobalSection
EndGlobal
